// !$*UTF8*$!
{
	archiveVersion = 1;
	classes = {
	};
	objectVersion = 46;
	objects = {

/* Begin PBXBuildFile section */
		1DDBEDBD16B72C9000AA33FD /* UIKit.framework in Frameworks */ = {isa = PBXBuildFile; fileRef = 1DDBEDBC16B72C9000AA33FD /* UIKit.framework */; };
		1DDBEDBF16B72C9000AA33FD /* Foundation.framework in Frameworks */ = {isa = PBXBuildFile; fileRef = 1DDBEDBE16B72C9000AA33FD /* Foundation.framework */; };
		1DDBEDC116B72C9000AA33FD /* CoreGraphics.framework in Frameworks */ = {isa = PBXBuildFile; fileRef = 1DDBEDC016B72C9000AA33FD /* CoreGraphics.framework */; };
		1DDBEDC716B72C9000AA33FD /* InfoPlist.strings in Resources */ = {isa = PBXBuildFile; fileRef = 1DDBEDC516B72C9000AA33FD /* InfoPlist.strings */; };
		1DDBEDC916B72C9000AA33FD /* main.m in Sources */ = {isa = PBXBuildFile; fileRef = 1DDBEDC816B72C9000AA33FD /* main.m */; };
		1DDBEDCD16B72C9000AA33FD /* AppDelegate.m in Sources */ = {isa = PBXBuildFile; fileRef = 1DDBEDCC16B72C9000AA33FD /* AppDelegate.m */; };
		1DDBEDCF16B72C9000AA33FD /* Default.png in Resources */ = {isa = PBXBuildFile; fileRef = 1DDBEDCE16B72C9000AA33FD /* Default.png */; };
		1DDBEDD116B72C9000AA33FD /* Default@2x.png in Resources */ = {isa = PBXBuildFile; fileRef = 1DDBEDD016B72C9000AA33FD /* Default@2x.png */; };
		1DDBEDD316B72C9000AA33FD /* Default-568h@2x.png in Resources */ = {isa = PBXBuildFile; fileRef = 1DDBEDD216B72C9000AA33FD /* Default-568h@2x.png */; };
		1DDBEDD616B72C9000AA33FD /* ViewController.m in Sources */ = {isa = PBXBuildFile; fileRef = 1DDBEDD516B72C9000AA33FD /* ViewController.m */; };
		1DDBEDD916B72C9000AA33FD /* ViewController.xib in Resources */ = {isa = PBXBuildFile; fileRef = 1DDBEDD716B72C9000AA33FD /* ViewController.xib */; };
/* End PBXBuildFile section */

/* Begin PBXFileReference section */
		1DDBEDB816B72C9000AA33FD /* UnitConverter.app */ = {isa = PBXFileReference; explicitFileType = wrapper.application; includeInIndex = 0; path = UnitConverter.app; sourceTree = BUILT_PRODUCTS_DIR; };
		1DDBEDBC16B72C9000AA33FD /* UIKit.framework */ = {isa = PBXFileReference; lastKnownFileType = wrapper.framework; name = UIKit.framework; path = System/Library/Frameworks/UIKit.framework; sourceTree = SDKROOT; };
		1DDBEDBE16B72C9000AA33FD /* Foundation.framework */ = {isa = PBXFileReference; lastKnownFileType = wrapper.framework; name = Foundation.framework; path = System/Library/Frameworks/Foundation.framework; sourceTree = SDKROOT; };
		1DDBEDC016B72C9000AA33FD /* CoreGraphics.framework */ = {isa = PBXFileReference; lastKnownFileType = wrapper.framework; name = CoreGraphics.framework; path = System/Library/Frameworks/CoreGraphics.framework; sourceTree = SDKROOT; };
		1DDBEDC416B72C9000AA33FD /* UnitConverter-Info.plist */ = {isa = PBXFileReference; lastKnownFileType = text.plist.xml; path = "UnitConverter-Info.plist"; sourceTree = "<group>"; };
		1DDBEDC616B72C9000AA33FD /* en */ = {isa = PBXFileReference; lastKnownFileType = text.plist.strings; name = en; path = en.lproj/InfoPlist.strings; sourceTree = "<group>"; };
		1DDBEDC816B72C9000AA33FD /* main.m */ = {isa = PBXFileReference; lastKnownFileType = sourcecode.c.objc; path = main.m; sourceTree = "<group>"; };
		1DDBEDCA16B72C9000AA33FD /* UnitConverter-Prefix.pch */ = {isa = PBXFileReference; lastKnownFileType = sourcecode.c.h; path = "UnitConverter-Prefix.pch"; sourceTree = "<group>"; };
		1DDBEDCB16B72C9000AA33FD /* AppDelegate.h */ = {isa = PBXFileReference; lastKnownFileType = sourcecode.c.h; path = AppDelegate.h; sourceTree = "<group>"; };
		1DDBEDCC16B72C9000AA33FD /* AppDelegate.m */ = {isa = PBXFileReference; lastKnownFileType = sourcecode.c.objc; path = AppDelegate.m; sourceTree = "<group>"; };
		1DDBEDCE16B72C9000AA33FD /* Default.png */ = {isa = PBXFileReference; lastKnownFileType = image.png; path = Default.png; sourceTree = "<group>"; };
		1DDBEDD016B72C9000AA33FD /* Default@2x.png */ = {isa = PBXFileReference; lastKnownFileType = image.png; path = "Default@2x.png"; sourceTree = "<group>"; };
		1DDBEDD216B72C9000AA33FD /* Default-568h@2x.png */ = {isa = PBXFileReference; lastKnownFileType = image.png; path = "Default-568h@2x.png"; sourceTree = "<group>"; };
		1DDBEDD416B72C9000AA33FD /* ViewController.h */ = {isa = PBXFileReference; lastKnownFileType = sourcecode.c.h; path = ViewController.h; sourceTree = "<group>"; };
		1DDBEDD516B72C9000AA33FD /* ViewController.m */ = {isa = PBXFileReference; lastKnownFileType = sourcecode.c.objc; path = ViewController.m; sourceTree = "<group>"; };
		1DDBEDD816B72C9000AA33FD /* en */ = {isa = PBXFileReference; lastKnownFileType = file.xib; name = en; path = en.lproj/ViewController.xib; sourceTree = "<group>"; };
/* End PBXFileReference section */

/* Begin PBXFrameworksBuildPhase section */
		1DDBEDB516B72C9000AA33FD /* Frameworks */ = {
			isa = PBXFrameworksBuildPhase;
			buildActionMask = 2147483647;
			files = (
				1DDBEDBD16B72C9000AA33FD /* UIKit.framework in Frameworks */,
				1DDBEDBF16B72C9000AA33FD /* Foundation.framework in Frameworks */,
				1DDBEDC116B72C9000AA33FD /* CoreGraphics.framework in Frameworks */,
			);
			runOnlyForDeploymentPostprocessing = 0;
		};
/* End PBXFrameworksBuildPhase section */

/* Begin PBXGroup section */
		1DDBEDAD16B72C9000AA33FD = {
			isa = PBXGroup;
			children = (
				1DDBEDC216B72C9000AA33FD /* UnitConverter */,
				1DDBEDBB16B72C9000AA33FD /* Frameworks */,
				1DDBEDB916B72C9000AA33FD /* Products */,
			);
			sourceTree = "<group>";
		};
		1DDBEDB916B72C9000AA33FD /* Products */ = {
			isa = PBXGroup;
			children = (
				1DDBEDB816B72C9000AA33FD /* UnitConverter.app */,
			);
			name = Products;
			sourceTree = "<group>";
		};
		1DDBEDBB16B72C9000AA33FD /* Frameworks */ = {
			isa = PBXGroup;
			children = (
				1DDBEDBC16B72C9000AA33FD /* UIKit.framework */,
				1DDBEDBE16B72C9000AA33FD /* Foundation.framework */,
				1DDBEDC016B72C9000AA33FD /* CoreGraphics.framework */,
			);
			name = Frameworks;
			sourceTree = "<group>";
		};
		1DDBEDC216B72C9000AA33FD /* UnitConverter */ = {
			isa = PBXGroup;
			children = (
				1DDBEDCB16B72C9000AA33FD /* AppDelegate.h */,
				1DDBEDCC16B72C9000AA33FD /* AppDelegate.m */,
				1DDBEDD416B72C9000AA33FD /* ViewController.h */,
				1DDBEDD516B72C9000AA33FD /* ViewController.m */,
				1DDBEDD716B72C9000AA33FD /* ViewController.xib */,
				1DDBEDC316B72C9000AA33FD /* Supporting Files */,
			);
			path = UnitConverter;
			sourceTree = "<group>";
		};
		1DDBEDC316B72C9000AA33FD /* Supporting Files */ = {
			isa = PBXGroup;
			children = (
				1DDBEDC416B72C9000AA33FD /* UnitConverter-Info.plist */,
				1DDBEDC516B72C9000AA33FD /* InfoPlist.strings */,
				1DDBEDC816B72C9000AA33FD /* main.m */,
				1DDBEDCA16B72C9000AA33FD /* UnitConverter-Prefix.pch */,
				1DDBEDCE16B72C9000AA33FD /* Default.png */,
				1DDBEDD016B72C9000AA33FD /* Default@2x.png */,
				1DDBEDD216B72C9000AA33FD /* Default-568h@2x.png */,
			);
			name = "Supporting Files";
			sourceTree = "<group>";
		};
/* End PBXGroup section */

/* Begin PBXNativeTarget section */
		1DDBEDB716B72C9000AA33FD /* UnitConverter */ = {
			isa = PBXNativeTarget;
			buildConfigurationList = 1DDBEDDC16B72C9000AA33FD /* Build configuration list for PBXNativeTarget "UnitConverter" */;
			buildPhases = (
				1DDBEDB416B72C9000AA33FD /* Sources */,
				1DDBEDB516B72C9000AA33FD /* Frameworks */,
				1DDBEDB616B72C9000AA33FD /* Resources */,
			);
			buildRules = (
			);
			dependencies = (
			);
			name = UnitConverter;
			productName = UnitConverter;
			productReference = 1DDBEDB816B72C9000AA33FD /* UnitConverter.app */;
			productType = "com.apple.product-type.application";
		};
/* End PBXNativeTarget section */

/* Begin PBXProject section */
		1DDBEDAF16B72C9000AA33FD /* Project object */ = {
			isa = PBXProject;
			attributes = {
				LastUpgradeCheck = 0450;
				ORGANIZATIONNAME = pespuny;
			};
			buildConfigurationList = 1DDBEDB216B72C9000AA33FD /* Build configuration list for PBXProject "UnitConverter" */;
			compatibilityVersion = "Xcode 3.2";
			developmentRegion = English;
			hasScannedForEncodings = 0;
			knownRegions = (
				en,
			);
			mainGroup = 1DDBEDAD16B72C9000AA33FD;
			productRefGroup = 1DDBEDB916B72C9000AA33FD /* Products */;
			projectDirPath = "";
			projectRoot = "";
			targets = (
				1DDBEDB716B72C9000AA33FD /* UnitConverter */,
			);
		};
/* End PBXProject section */

/* Begin PBXResourcesBuildPhase section */
		1DDBEDB616B72C9000AA33FD /* Resources */ = {
			isa = PBXResourcesBuildPhase;
			buildActionMask = 2147483647;
			files = (
				1DDBEDC716B72C9000AA33FD /* InfoPlist.strings in Resources */,
				1DDBEDCF16B72C9000AA33FD /* Default.png in Resources */,
				1DDBEDD116B72C9000AA33FD /* Default@2x.png in Resources */,
				1DDBEDD316B72C9000AA33FD /* Default-568h@2x.png in Resources */,
				1DDBEDD916B72C9000AA33FD /* ViewController.xib in Resources */,
			);
			runOnlyForDeploymentPostprocessing = 0;
		};
/* End PBXResourcesBuildPhase section */

/* Begin PBXSourcesBuildPhase section */
		1DDBEDB416B72C9000AA33FD /* Sources */ = {
			isa = PBXSourcesBuildPhase;
			buildActionMask = 2147483647;
			files = (
				1DDBEDC916B72C9000AA33FD /* main.m in Sources */,
				1DDBEDCD16B72C9000AA33FD /* AppDelegate.m in Sources */,
				1DDBEDD616B72C9000AA33FD /* ViewController.m in Sources */,
			);
			runOnlyForDeploymentPostprocessing = 0;
		};
/* End PBXSourcesBuildPhase section */

/* Begin PBXVariantGroup section */
		1DDBEDC516B72C9000AA33FD /* InfoPlist.strings */ = {
			isa = PBXVariantGroup;
			children = (
				1DDBEDC616B72C9000AA33FD /* en */,
			);
			name = InfoPlist.strings;
			sourceTree = "<group>";
		};
		1DDBEDD716B72C9000AA33FD /* ViewController.xib */ = {
			isa = PBXVariantGroup;
			children = (
				1DDBEDD816B72C9000AA33FD /* en */,
			);
			name = ViewController.xib;
			sourceTree = "<group>";
		};
/* End PBXVariantGroup section */

/* Begin XCBuildConfiguration section */
		1DDBEDDA16B72C9000AA33FD /* Debug */ = {
			isa = XCBuildConfiguration;
			buildSettings = {
				ALWAYS_SEARCH_USER_PATHS = NO;
				CLANG_CXX_LANGUAGE_STANDARD = "gnu++0x";
				CLANG_CXX_LIBRARY = "libc++";
				CLANG_ENABLE_OBJC_ARC = YES;
				CLANG_WARN_EMPTY_BODY = YES;
				CLANG_WARN__DUPLICATE_METHOD_MATCH = YES;
				"CODE_SIGN_IDENTITY[sdk=iphoneos*]" = "iPhone Developer";
				COPY_PHASE_STRIP = NO;
				GCC_C_LANGUAGE_STANDARD = gnu99;
				GCC_DYNAMIC_NO_PIC = NO;
				GCC_OPTIMIZATION_LEVEL = 0;
				GCC_PREPROCESSOR_DEFINITIONS = (
					"DEBUG=1",
					"$(inherited)",
				);
				GCC_SYMBOLS_PRIVATE_EXTERN = NO;
				GCC_WARN_ABOUT_RETURN_TYPE = YES;
				GCC_WARN_UNINITIALIZED_AUTOS = YES;
				GCC_WARN_UNUSED_VARIABLE = YES;
				IPHONEOS_DEPLOYMENT_TARGET = 6.0;
				ONLY_ACTIVE_ARCH = YES;
				SDKROOT = iphoneos;
			};
			name = Debug;
		};
		1DDBEDDB16B72C9000AA33FD /* Release */ = {
			isa = XCBuildConfiguration;
			buildSettings = {
				ALWAYS_SEARCH_USER_PATHS = NO;
				CLANG_CXX_LANGUAGE_STANDARD = "gnu++0x";
				CLANG_CXX_LIBRARY = "libc++";
				CLANG_ENABLE_OBJC_ARC = YES;
				CLANG_WARN_EMPTY_BODY = YES;
				CLANG_WARN__DUPLICATE_METHOD_MATCH = YES;
				"CODE_SIGN_IDENTITY[sdk=iphoneos*]" = "iPhone Developer";
				COPY_PHASE_STRIP = YES;
				GCC_C_LANGUAGE_STANDARD = gnu99;
				GCC_WARN_ABOUT_RETURN_TYPE = YES;
				GCC_WARN_UNINITIALIZED_AUTOS = YES;
				GCC_WARN_UNUSED_VARIABLE = YES;
				IPHONEOS_DEPLOYMENT_TARGET = 6.0;
				OTHER_CFLAGS = "-DNS_BLOCK_ASSERTIONS=1";
				SDKROOT = iphoneos;
				VALIDATE_PRODUCT = YES;
			};
			name = Release;
		};
		1DDBEDDD16B72C9000AA33FD /* Debug */ = {
			isa = XCBuildConfiguration;
			buildSettings = {
				GCC_PRECOMPILE_PREFIX_HEADER = YES;
				GCC_PREFIX_HEADER = "UnitConverter/UnitConverter-Prefix.pch";
				INFOPLIST_FILE = "UnitConverter/UnitConverter-Info.plist";
				PRODUCT_NAME = "$(TARGET_NAME)";
				WRAPPER_EXTENSION = app;
			};
			name = Debug;
		};
		1DDBEDDE16B72C9000AA33FD /* Release */ = {
			isa = XCBuildConfiguration;
			buildSettings = {
				GCC_PRECOMPILE_PREFIX_HEADER = YES;
				GCC_PREFIX_HEADER = "UnitConverter/UnitConverter-Prefix.pch";
				INFOPLIST_FILE = "UnitConverter/UnitConverter-Info.plist";
				PRODUCT_NAME = "$(TARGET_NAME)";
				WRAPPER_EXTENSION = app;
			};
			name = Release;
		};
/* End XCBuildConfiguration section */

/* Begin XCConfigurationList section */
		1DDBEDB216B72C9000AA33FD /* Build configuration list for PBXProject "UnitConverter" */ = {
			isa = XCConfigurationList;
			buildConfigurations = (
				1DDBEDDA16B72C9000AA33FD /* Debug */,
				1DDBEDDB16B72C9000AA33FD /* Release */,
			);
			defaultConfigurationIsVisible = 0;
			defaultConfigurationName = Release;
		};
		1DDBEDDC16B72C9000AA33FD /* Build configuration list for PBXNativeTarget "UnitConverter" */ = {
			isa = XCConfigurationList;
			buildConfigurations = (
				1DDBEDDD16B72C9000AA33FD /* Debug */,
				1DDBEDDE16B72C9000AA33FD /* Release */,
			);
			defaultConfigurationIsVisible = 0;
		};
/* End XCConfigurationList section */
	};
	rootObject = 1DDBEDAF16B72C9000AA33FD /* Project object */;
}
